<?xml version="1.0" encoding="utf-8"?>
<Project ToolsVersion="4.0" xmlns="http://schemas.microsoft.com/developer/msbuild/2003">
  <ItemGroup>
    <Filter Include="Source Files">
      <UniqueIdentifier>{4FC737F1-C7A5-4376-A066-2A32D752A2FF}</UniqueIdentifier>
      <Extensions>cpp;c;cc;cxx;def;odl;idl;hpj;bat;asm;asmx</Extensions>
    </Filter>
    <Filter Include="Header Files">
      <UniqueIdentifier>{93995380-89BD-4b04-88EB-625FBE52EBFB}</UniqueIdentifier>
      <Extensions>h;hpp;hxx;hm;inl;inc;xsd</Extensions>
    </Filter>
    <Filter Include="Resource Files">
      <UniqueIdentifier>{67DA6AB6-F800-4c08-8B7A-83BB121AAD01}</UniqueIdentifier>
      <Extensions>rc;ico;cur;bmp;dlg;rc2;rct;bin;rgs;gif;jpg;jpeg;jpe;resx;tiff;tif;png;wav</Extensions>
    </Filter>
    <Filter Include="LinkedList">
      <UniqueIdentifier>{0985b02f-d785-4e46-9bb2-a478525b044c}</UniqueIdentifier>
    </Filter>
    <Filter Include="String">
      <UniqueIdentifier>{cdfb20da-eb65-4495-b5c7-25e50387739d}</UniqueIdentifier>
    </Filter>
    <Filter Include="TrieDS">
      <UniqueIdentifier>{b40bf147-7e9b-4c40-ba5b-8cd96c389ec5}</UniqueIdentifier>
    </Filter>
    <Filter Include="GameBoard">
      <UniqueIdentifier>{af182386-c150-4022-8360-b49f37a104d3}</UniqueIdentifier>
    </Filter>
  </ItemGroup>
  <ItemGroup>
    <ClCompile Include="main.cpp">
      <Filter>Source Files</Filter>
    </ClCompile>
    <ClCompile Include="LinkedListNode.cpp">
      <Filter>LinkedList</Filter>
    </ClCompile>
    <ClCompile Include="Problems_LinkedList.cpp">
      <Filter>LinkedList</Filter>
    </ClCompile>
    <ClCompile Include="Problems_String.cpp">
      <Filter>String</Filter>
    </ClCompile>
    <ClCompile Include="main_string.cpp">
      <Filter>String</Filter>
    </ClCompile>
    <ClCompile Include="main_LinkedList1.cpp">
      <Filter>LinkedList</Filter>
    </ClCompile>
    <ClCompile Include="Problems_LinkedList1.cpp">
      <Filter>LinkedList</Filter>
    </ClCompile>
    <ClCompile Include="Trie_Node.cpp">
      <Filter>TrieDS</Filter>
    </ClCompile>
    <ClCompile Include="main_Trie.cpp">
      <Filter>TrieDS</Filter>
    </ClCompile>
    <ClCompile Include="Board.cpp">
      <Filter>GameBoard</Filter>
    </ClCompile>
    <ClCompile Include="main_Board.cpp">
      <Filter>GameBoard</Filter>
    </ClCompile>
  </ItemGroup>
  <ItemGroup>
    <ClInclude Include="LinkedListNode.h">
      <Filter>LinkedList</Filter>
    </ClInclude>
    <ClInclude Include="Problems_LinkedList.h">
      <Filter>LinkedList</Filter>
    </ClInclude>
    <ClInclude Include="Problems_String.h">
      <Filter>String</Filter>
    </ClInclude>
    <ClInclude Include="Problems_LinkedList1.h">
      <Filter>LinkedList</Filter>
    </ClInclude>
    <ClInclude Include="Trie_Node.h">
      <Filter>TrieDS</Filter>
    </ClInclude>
    <ClInclude Include="Board.h">
      <Filter>GameBoard</Filter>
    </ClInclude>
  </ItemGroup>
</Project>